PODS:
  - Alamofire (5.4.2)
  - ALWebViewController (0.3.0)
  - EasyNotificationBadge (1.2.5)
  - Firebase (7.3.0-M1):
    - Firebase/Core (= 7.3.0-M1)
  - Firebase/Core (7.3.0-M1):
    - Firebase/CoreOnly
    - FirebaseAnalytics (= 7.3.0-M1)
  - Firebase/CoreOnly (7.3.0-M1):
    - FirebaseCore (= 7.3.0)
  - Firebase/InAppMessaging (7.3.0-M1):
    - Firebase/CoreOnly
    - FirebaseInAppMessaging (~> 7.3.0-beta)
  - Firebase/Messaging (7.3.0-M1):
    - Firebase/CoreOnly
    - FirebaseMessaging (~> 7.3.0)
  - FirebaseABTesting (7.10.0):
    - FirebaseCore (~> 7.0)
  - FirebaseAnalytics (7.3.0-M1):
    - FirebaseCore (~> 7.0)
    - FirebaseInstallations (~> 7.0)
    - GoogleAppMeasurement (= 7.3.0-M1)
    - GoogleUtilities/AppDelegateSwizzler (~> 7.0)
    - GoogleUtilities/MethodSwizzler (~> 7.0)
    - GoogleUtilities/Network (~> 7.0)
    - "GoogleUtilities/NSData+zlib (~> 7.0)"
    - nanopb (~> 2.30906.0)
  - FirebaseCore (7.3.0):
    - FirebaseCoreDiagnostics (~> 7.0)
    - GoogleUtilities/Environment (~> 7.0)
    - GoogleUtilities/Logger (~> 7.0)
  - FirebaseCoreDiagnostics (7.3.0):
    - GoogleDataTransport (~> 8.0)
    - GoogleUtilities/Environment (~> 7.0)
    - GoogleUtilities/Logger (~> 7.0)
    - nanopb (~> 2.30906.0)
  - FirebaseInAppMessaging (7.3.0-beta):
    - FirebaseABTesting (~> 7.0)
    - FirebaseCore (~> 7.0)
    - FirebaseInstallations (~> 7.0)
    - GoogleUtilities/Environment (~> 7.0)
    - nanopb (~> 2.30906.0)
  - FirebaseInstallations (7.10.0):
    - FirebaseCore (~> 7.0)
    - GoogleUtilities/Environment (~> 7.0)
    - GoogleUtilities/UserDefaults (~> 7.0)
    - PromisesObjC (~> 1.2)
  - FirebaseInstanceID (7.10.0):
    - FirebaseCore (~> 7.0)
    - FirebaseInstallations (~> 7.0)
    - GoogleUtilities/Environment (~> 7.0)
    - GoogleUtilities/UserDefaults (~> 7.0)
  - FirebaseMessaging (7.3.0):
    - FirebaseCore (~> 7.0)
    - FirebaseInstanceID (~> 7.0)
    - GoogleUtilities/AppDelegateSwizzler (~> 7.0)
    - GoogleUtilities/Environment (~> 7.0)
    - GoogleUtilities/Reachability (~> 7.0)
    - GoogleUtilities/UserDefaults (~> 7.0)
  - GoogleAppMeasurement (7.3.0-M1):
    - GoogleUtilities/AppDelegateSwizzler (~> 7.0)
    - GoogleUtilities/MethodSwizzler (~> 7.0)
    - GoogleUtilities/Network (~> 7.0)
    - "GoogleUtilities/NSData+zlib (~> 7.0)"
    - nanopb (~> 2.30906.0)
  - GoogleDataTransport (8.1.0):
    - nanopb (~> 2.30906.0)
  - GoogleUtilities/AppDelegateSwizzler (7.3.1):
    - GoogleUtilities/Environment
    - GoogleUtilities/Logger
    - GoogleUtilities/Network
  - GoogleUtilities/Environment (7.3.1):
    - PromisesObjC (~> 1.2)
  - GoogleUtilities/Logger (7.3.1):
    - GoogleUtilities/Environment
  - GoogleUtilities/MethodSwizzler (7.3.1):
    - GoogleUtilities/Logger
  - GoogleUtilities/Network (7.3.1):
    - GoogleUtilities/Logger
    - "GoogleUtilities/NSData+zlib"
    - GoogleUtilities/Reachability
  - "GoogleUtilities/NSData+zlib (7.3.1)"
  - GoogleUtilities/Reachability (7.3.1):
    - GoogleUtilities/Logger
  - GoogleUtilities/UserDefaults (7.3.1):
    - GoogleUtilities/Logger
  - InputBarAccessoryView (5.3.1):
    - InputBarAccessoryView/Core (= 5.3.1)
  - InputBarAccessoryView/Core (5.3.1)
  - JXWebViewController (1.3.0)
  - Kingfisher (6.2.1)
  - MessageKit (3.6.0):
    - InputBarAccessoryView (~> 5.3.1)
  - nanopb (2.30906.0):
    - nanopb/decode (= 2.30906.0)
    - nanopb/encode (= 2.30906.0)
  - nanopb/decode (2.30906.0)
  - nanopb/encode (2.30906.0)
  - PromisesObjC (1.2.12)
  - SDWebImage (5.11.0):
    - SDWebImage/Core (= 5.11.0)
  - SDWebImage/Core (5.11.0)
  - SkyFloatingLabelTextField (4.0.0)
  - SVProgressHUD (2.2.5)
  - SwiftyJSON (5.0.1)
  - TextFieldEffects (1.6.0)

DEPENDENCIES:
  - Alamofire
  - ALWebViewController
  - EasyNotificationBadge
  - Firebase (= 7.3-M1)
  - Firebase/InAppMessaging
  - Firebase/Messaging
  - JXWebViewController
  - Kingfisher
  - MessageKit
  - SDWebImage
  - SkyFloatingLabelTextField
  - SVProgressHUD
  - SwiftyJSON
  - TextFieldEffects

SPEC REPOS:
  trunk:
    - Alamofire
    - ALWebViewController
    - EasyNotificationBadge
    - Firebase
    - FirebaseABTesting
    - FirebaseAnalytics
    - FirebaseCore
    - FirebaseCoreDiagnostics
    - FirebaseInAppMessaging
    - FirebaseInstallations
    - FirebaseInstanceID
    - FirebaseMessaging
    - GoogleAppMeasurement
    - GoogleDataTransport
    - GoogleUtilities
    - InputBarAccessoryView
    - JXWebViewController
    - Kingfisher
    - MessageKit
    - nanopb
    - PromisesObjC
    - SDWebImage
    - SkyFloatingLabelTextField
    - SVProgressHUD
    - SwiftyJSON
    - TextFieldEffects

SPEC CHECKSUMS:
  Alamofire: bfbc4c2fe5909b1d94fb4ef2277c6b3727ef5dae
  ALWebViewController: 8420d1e98372872d195baca78c3a3f8ef367e146
  EasyNotificationBadge: a3ebbcb1de0c0558e102e954380c75801f352702
  Firebase: 3e5e5e556a5ba2c2282e89905e33a300122f4caf
  FirebaseABTesting: 457bc058cf6de8bcffc6fd9a2a4c933b24bfc264
  FirebaseAnalytics: e21b1cc325468620a2dfa1e1653f86472b313ac9
  FirebaseCore: 4d3c72622ce0e2106aaa07bb4b2935ba2c370972
  FirebaseCoreDiagnostics: d50e11039e5984d92c8a512be2395f13df747350
  FirebaseInAppMessaging: 9436b16bbd1fd02bcb50c25ed485150b3269d611
  FirebaseInstallations: bf2ec8dbf36ff4c91af6b9a003d15855757680c1
  FirebaseInstanceID: 5ad92c898e1328b66e8dd58811964d6fe4d334c3
  FirebaseMessaging: 68d1bcb14880189558a8ae57167abe0b7e417232
  GoogleAppMeasurement: ad1f97cb2ba78bb0d7ba878e826d302f1c9e5dd4
  GoogleDataTransport: 116c84c4bdeb76be2a7a46de51244368f9794eab
  GoogleUtilities: e1d9ed4e544fc32a93e00e721400cbc3f377200d
  InputBarAccessoryView: 1f75d8c9f75e5e57f3ffac36ed58635a8005e0bc
  JXWebViewController: 03b2eb44176270b79ff115eda1a64496963ab4e2
  Kingfisher: e71c6fac2aebb1262888cabc2cb13d313362a48f
  MessageKit: a8efaf55b021672b19ffdd5a85ce1c2f3b53058e
  nanopb: 1bf24dd71191072e120b83dd02d08f3da0d65e53
  PromisesObjC: 3113f7f76903778cf4a0586bd1ab89329a0b7b97
  SDWebImage: 7acbb57630ac7db4a495547fb73916ff3e432f6b
  SkyFloatingLabelTextField: 79ddc40e4ad59707fedbb48d605417aee48bb78a
  SVProgressHUD: 1428aafac632c1f86f62aa4243ec12008d7a51d6
  SwiftyJSON: 2f33a42c6fbc52764d96f13368585094bfd8aa5e
  TextFieldEffects: 529b8aff706fb40f82c41c780c0777941a893796

PODFILE CHECKSUM: 8b78a4e603b8c7ce8a9cfa64ed6e2eedd53a353e

COCOAPODS: 1.10.1
