PODS:
  - Alamofire (5.4.0)
  - JXWebViewController (1.3.0)
  - Kingfisher (5.15.7):
    - Kingfisher/Core (= 5.15.7)
  - Kingfisher/Core (5.15.7)
  - QuickLayout (3.0.0)
  - SideMenu (6.5.0)
  - SideMenuSwift (2.0.6)
  - SkyFloatingLabelTextField (3.8.0)
  - SwiftEntryKit (1.2.6):
    - QuickLayout (= 3.0.0)
  - SwiftyJSON (5.0.0)
  - TextFieldEffects (1.6.0)

DEPENDENCIES:
  - Alamofire
  - JXWebViewController
  - Kingfisher
  - SideMenu
  - SideMenuSwift
  - SkyFloatingLabelTextField
  - SwiftEntryKit
  - SwiftyJSON
  - TextFieldEffects

SPEC REPOS:
  trunk:
    - Alamofire
    - JXWebViewController
    - Kingfisher
    - QuickLayout
    - SideMenu
    - SideMenuSwift
    - SkyFloatingLabelTextField
    - SwiftEntryKit
    - SwiftyJSON
    - TextFieldEffects

SPEC CHECKSUMS:
  Alamofire: 3b6a534a3df22db367e4dedeeca73d1ddfcf0e2f
  JXWebViewController: 03b2eb44176270b79ff115eda1a64496963ab4e2
  Kingfisher: 6e1a13523fcb1c86924ce53affe4ac957e544d59
  QuickLayout: 07b45a72b10083fee3f095990cfed1c1e7b27f0a
  SideMenu: f583187d21c5b1dd04c72002be544b555a2627a2
  SideMenuSwift: f12ca1b11faad909bfc2878df37e0a1c40fa4570
  SkyFloatingLabelTextField: 5a338412114808e961fe2d14ea2c5452c8b6e4aa
  SwiftEntryKit: 96a2fa90b2631bbbfac50d18449e9ca3d0635f13
  SwiftyJSON: 36413e04c44ee145039d332b4f4e2d3e8d6c4db7
  TextFieldEffects: 529b8aff706fb40f82c41c780c0777941a893796

PODFILE CHECKSUM: d6aa189990fe7fadfe7e0d7dfb296d1770a9d9c9

COCOAPODS: 1.10.0
