PODS:
  - Alamofire (5.4.0)
  - EZProgressHUD (1.5.3)
  - FoldingCell (5.0.2)
  - Kingfisher (5.15.7):
    - Kingfisher/Core (= 5.15.7)
  - Kingfisher/Core (5.15.7)
  - MaterialActivityIndicator (0.0.6)
  - QuickLayout (3.0.0)
  - SideMenu (6.5.0)
  - SkeletonView (1.11.0)
  - SkyFloatingLabelTextField (3.8.0)
  - SwiftEntryKit (1.2.6):
    - QuickLayout (= 3.0.0)
  - SwiftyJSON (5.0.0)
  - TextFieldEffects (1.6.0)

DEPENDENCIES:
  - Alamofire
  - EZProgressHUD
  - FoldingCell
  - Kingfisher
  - MaterialActivityIndicator
  - SideMenu
  - SkeletonView
  - SkyFloatingLabelTextField
  - SwiftEntryKit
  - SwiftyJSON
  - TextFieldEffects

SPEC REPOS:
  trunk:
    - Alamofire
    - EZProgressHUD
    - FoldingCell
    - Kingfisher
    - MaterialActivityIndicator
    - QuickLayout
    - SideMenu
    - SkeletonView
    - SkyFloatingLabelTextField
    - SwiftEntryKit
    - SwiftyJSON
    - TextFieldEffects

SPEC CHECKSUMS:
  Alamofire: 3b6a534a3df22db367e4dedeeca73d1ddfcf0e2f
  EZProgressHUD: ac65959b7a1f7eb3ccb9e4b176a77e27628e4174
  FoldingCell: f92eb5fb9842319e7cd08c71533c98408b785099
  Kingfisher: 6e1a13523fcb1c86924ce53affe4ac957e544d59
  MaterialActivityIndicator: 5061a52fadf7d22533734f2d34806311331bc424
  QuickLayout: 07b45a72b10083fee3f095990cfed1c1e7b27f0a
  SideMenu: f583187d21c5b1dd04c72002be544b555a2627a2
  SkeletonView: cc84ce90a804dd0dd7198dd802833411c8a64eaf
  SkyFloatingLabelTextField: 5a338412114808e961fe2d14ea2c5452c8b6e4aa
  SwiftEntryKit: 96a2fa90b2631bbbfac50d18449e9ca3d0635f13
  SwiftyJSON: 36413e04c44ee145039d332b4f4e2d3e8d6c4db7
  TextFieldEffects: 529b8aff706fb40f82c41c780c0777941a893796

PODFILE CHECKSUM: 1e80545b8797ffd3dbaacb9bb960df2dbc88fa59

COCOAPODS: 1.10.0
