// !$*UTF8*$!
{
	archiveVersion = 1;
	classes = {
	};
	objectVersion = 51;
	objects = {

/* Begin PBXBuildFile section */
		08414C0E257A13AA004EE5AA /* ProfileVC.swift in Sources */ = {isa = PBXBuildFile; fileRef = 08414C0D257A13AA004EE5AA /* ProfileVC.swift */; };
		0847688D257BA855004D5680 /* SlideMenuController.swift in Sources */ = {isa = PBXBuildFile; fileRef = 0847688C257BA855004D5680 /* SlideMenuController.swift */; };
		08476890257BA957004D5680 /* AvatarVC.swift in Sources */ = {isa = PBXBuildFile; fileRef = 0847688F257BA957004D5680 /* AvatarVC.swift */; };
		085423D625789F3B00B45DF1 /* AppDelegate.swift in Sources */ = {isa = PBXBuildFile; fileRef = 085423D525789F3B00B45DF1 /* AppDelegate.swift */; };
		085423D825789F3B00B45DF1 /* SceneDelegate.swift in Sources */ = {isa = PBXBuildFile; fileRef = 085423D725789F3B00B45DF1 /* SceneDelegate.swift */; };
		085423DF25789F3C00B45DF1 /* Assets.xcassets in Resources */ = {isa = PBXBuildFile; fileRef = 085423DE25789F3C00B45DF1 /* Assets.xcassets */; };
		085423E225789F3C00B45DF1 /* LaunchScreen.storyboard in Resources */ = {isa = PBXBuildFile; fileRef = 085423E025789F3C00B45DF1 /* LaunchScreen.storyboard */; };
		085423EE2578A02500B45DF1 /* LoginVC.swift in Sources */ = {isa = PBXBuildFile; fileRef = 085423ED2578A02500B45DF1 /* LoginVC.swift */; };
		085423FC2578A15600B45DF1 /* Extension + UIImage.swift in Sources */ = {isa = PBXBuildFile; fileRef = 085423FB2578A15600B45DF1 /* Extension + UIImage.swift */; };
		085424062578B5E200B45DF1 /* Colors.swift in Sources */ = {isa = PBXBuildFile; fileRef = 085424052578B5E200B45DF1 /* Colors.swift */; };
		085424092578BFCE00B45DF1 /* UIAlert.swift in Sources */ = {isa = PBXBuildFile; fileRef = 085424082578BFCE00B45DF1 /* UIAlert.swift */; };
		0854241A2578C45200B45DF1 /* API Manager.swift in Sources */ = {isa = PBXBuildFile; fileRef = 085424192578C45200B45DF1 /* API Manager.swift */; };
		0854241D2578C5BF00B45DF1 /* UserData.swift in Sources */ = {isa = PBXBuildFile; fileRef = 0854241C2578C5BF00B45DF1 /* UserData.swift */; };
		085424202578C73400B45DF1 /* HomeVC.swift in Sources */ = {isa = PBXBuildFile; fileRef = 0854241F2578C73400B45DF1 /* HomeVC.swift */; };
		088A2C3D257DBA3900FB3EE3 /* MenuVC.swift in Sources */ = {isa = PBXBuildFile; fileRef = 088A2C3C257DBA3900FB3EE3 /* MenuVC.swift */; };
		088A2C46257DD5CC00FB3EE3 /* UIBarImageView.swift in Sources */ = {isa = PBXBuildFile; fileRef = 088A2C45257DD5CC00FB3EE3 /* UIBarImageView.swift */; };
		088A2C50257E299300FB3EE3 /* ChangPassVC.swift in Sources */ = {isa = PBXBuildFile; fileRef = 088A2C4F257E299300FB3EE3 /* ChangPassVC.swift */; };
		089751D72579258D00F5CD4D /* checkSession.swift in Sources */ = {isa = PBXBuildFile; fileRef = 089751D62579258D00F5CD4D /* checkSession.swift */; };
		68B53ECD2171CE89D5C59505 /* Pods_AppNotification.framework in Frameworks */ = {isa = PBXBuildFile; fileRef = F1B8A9DF71CB4B249EC2D7BD /* Pods_AppNotification.framework */; };
/* End PBXBuildFile section */

/* Begin PBXFileReference section */
		08414C0D257A13AA004EE5AA /* ProfileVC.swift */ = {isa = PBXFileReference; lastKnownFileType = sourcecode.swift; path = ProfileVC.swift; sourceTree = "<group>"; };
		0847688C257BA855004D5680 /* SlideMenuController.swift */ = {isa = PBXFileReference; fileEncoding = 4; lastKnownFileType = sourcecode.swift; path = SlideMenuController.swift; sourceTree = "<group>"; };
		0847688F257BA957004D5680 /* AvatarVC.swift */ = {isa = PBXFileReference; fileEncoding = 4; lastKnownFileType = sourcecode.swift; path = AvatarVC.swift; sourceTree = "<group>"; };
		085423D225789F3B00B45DF1 /* AppNotification.app */ = {isa = PBXFileReference; explicitFileType = wrapper.application; includeInIndex = 0; path = AppNotification.app; sourceTree = BUILT_PRODUCTS_DIR; };
		085423D525789F3B00B45DF1 /* AppDelegate.swift */ = {isa = PBXFileReference; lastKnownFileType = sourcecode.swift; path = AppDelegate.swift; sourceTree = "<group>"; };
		085423D725789F3B00B45DF1 /* SceneDelegate.swift */ = {isa = PBXFileReference; lastKnownFileType = sourcecode.swift; path = SceneDelegate.swift; sourceTree = "<group>"; };
		085423DE25789F3C00B45DF1 /* Assets.xcassets */ = {isa = PBXFileReference; lastKnownFileType = folder.assetcatalog; path = Assets.xcassets; sourceTree = "<group>"; };
		085423E125789F3C00B45DF1 /* Base */ = {isa = PBXFileReference; lastKnownFileType = file.storyboard; name = Base; path = Base.lproj/LaunchScreen.storyboard; sourceTree = "<group>"; };
		085423E325789F3C00B45DF1 /* Info.plist */ = {isa = PBXFileReference; lastKnownFileType = text.plist.xml; path = Info.plist; sourceTree = "<group>"; };
		085423ED2578A02500B45DF1 /* LoginVC.swift */ = {isa = PBXFileReference; lastKnownFileType = sourcecode.swift; path = LoginVC.swift; sourceTree = "<group>"; };
		085423FB2578A15600B45DF1 /* Extension + UIImage.swift */ = {isa = PBXFileReference; lastKnownFileType = sourcecode.swift; path = "Extension + UIImage.swift"; sourceTree = "<group>"; };
		085424052578B5E200B45DF1 /* Colors.swift */ = {isa = PBXFileReference; lastKnownFileType = sourcecode.swift; path = Colors.swift; sourceTree = "<group>"; };
		085424082578BFCE00B45DF1 /* UIAlert.swift */ = {isa = PBXFileReference; lastKnownFileType = sourcecode.swift; path = UIAlert.swift; sourceTree = "<group>"; };
		085424192578C45200B45DF1 /* API Manager.swift */ = {isa = PBXFileReference; lastKnownFileType = sourcecode.swift; path = "API Manager.swift"; sourceTree = "<group>"; };
		0854241C2578C5BF00B45DF1 /* UserData.swift */ = {isa = PBXFileReference; lastKnownFileType = sourcecode.swift; path = UserData.swift; sourceTree = "<group>"; };
		0854241F2578C73400B45DF1 /* HomeVC.swift */ = {isa = PBXFileReference; lastKnownFileType = sourcecode.swift; path = HomeVC.swift; sourceTree = "<group>"; };
		088A2C3C257DBA3900FB3EE3 /* MenuVC.swift */ = {isa = PBXFileReference; lastKnownFileType = sourcecode.swift; path = MenuVC.swift; sourceTree = "<group>"; };
		088A2C45257DD5CC00FB3EE3 /* UIBarImageView.swift */ = {isa = PBXFileReference; lastKnownFileType = sourcecode.swift; path = UIBarImageView.swift; sourceTree = "<group>"; };
		088A2C4F257E299300FB3EE3 /* ChangPassVC.swift */ = {isa = PBXFileReference; lastKnownFileType = sourcecode.swift; path = ChangPassVC.swift; sourceTree = "<group>"; };
		089751D62579258D00F5CD4D /* checkSession.swift */ = {isa = PBXFileReference; lastKnownFileType = sourcecode.swift; path = checkSession.swift; sourceTree = "<group>"; };
		132E53CFF298E8A3B041C2CD /* Pods-AppNotification.release.xcconfig */ = {isa = PBXFileReference; includeInIndex = 1; lastKnownFileType = text.xcconfig; name = "Pods-AppNotification.release.xcconfig"; path = "Target Support Files/Pods-AppNotification/Pods-AppNotification.release.xcconfig"; sourceTree = "<group>"; };
		2E944568B727FE57801F9FF9 /* Pods-AppNotification.debug.xcconfig */ = {isa = PBXFileReference; includeInIndex = 1; lastKnownFileType = text.xcconfig; name = "Pods-AppNotification.debug.xcconfig"; path = "Target Support Files/Pods-AppNotification/Pods-AppNotification.debug.xcconfig"; sourceTree = "<group>"; };
		F1B8A9DF71CB4B249EC2D7BD /* Pods_AppNotification.framework */ = {isa = PBXFileReference; explicitFileType = wrapper.framework; includeInIndex = 0; path = Pods_AppNotification.framework; sourceTree = BUILT_PRODUCTS_DIR; };
/* End PBXFileReference section */

/* Begin PBXFrameworksBuildPhase section */
		085423CF25789F3B00B45DF1 /* Frameworks */ = {
			isa = PBXFrameworksBuildPhase;
			buildActionMask = 2147483647;
			files = (
				68B53ECD2171CE89D5C59505 /* Pods_AppNotification.framework in Frameworks */,
			);
			runOnlyForDeploymentPostprocessing = 0;
		};
/* End PBXFrameworksBuildPhase section */

/* Begin PBXGroup section */
		08476892257BA95F004D5680 /* Libraries */ = {
			isa = PBXGroup;
			children = (
				0847688C257BA855004D5680 /* SlideMenuController.swift */,
			);
			path = Libraries;
			sourceTree = "<group>";
		};
		085423C925789F3B00B45DF1 = {
			isa = PBXGroup;
			children = (
				085423D425789F3B00B45DF1 /* AppNotification */,
				085423D325789F3B00B45DF1 /* Products */,
				E142D4CBB23360FDE7D22FB4 /* Pods */,
				448ECBEA7692D735045E579D /* Frameworks */,
			);
			sourceTree = "<group>";
		};
		085423D325789F3B00B45DF1 /* Products */ = {
			isa = PBXGroup;
			children = (
				085423D225789F3B00B45DF1 /* AppNotification.app */,
			);
			name = Products;
			sourceTree = "<group>";
		};
		085423D425789F3B00B45DF1 /* AppNotification */ = {
			isa = PBXGroup;
			children = (
				08476892257BA95F004D5680 /* Libraries */,
				085424182578C43B00B45DF1 /* API */,
				085423F92578A10700B45DF1 /* Extension */,
				085423EC25789F4E00B45DF1 /* Controll */,
				085423EB25789F4600B45DF1 /* View */,
				085423EA25789F4100B45DF1 /* Model */,
				085423D525789F3B00B45DF1 /* AppDelegate.swift */,
				085423D725789F3B00B45DF1 /* SceneDelegate.swift */,
				085423DE25789F3C00B45DF1 /* Assets.xcassets */,
				085423E025789F3C00B45DF1 /* LaunchScreen.storyboard */,
				085423E325789F3C00B45DF1 /* Info.plist */,
			);
			path = AppNotification;
			sourceTree = "<group>";
		};
		085423EA25789F4100B45DF1 /* Model */ = {
			isa = PBXGroup;
			children = (
				085424052578B5E200B45DF1 /* Colors.swift */,
			);
			path = Model;
			sourceTree = "<group>";
		};
		085423EB25789F4600B45DF1 /* View */ = {
			isa = PBXGroup;
			children = (
				0854241C2578C5BF00B45DF1 /* UserData.swift */,
				089751D62579258D00F5CD4D /* checkSession.swift */,
			);
			path = View;
			sourceTree = "<group>";
		};
		085423EC25789F4E00B45DF1 /* Controll */ = {
			isa = PBXGroup;
			children = (
				0847688F257BA957004D5680 /* AvatarVC.swift */,
				088A2C3C257DBA3900FB3EE3 /* MenuVC.swift */,
				085423ED2578A02500B45DF1 /* LoginVC.swift */,
				0854241F2578C73400B45DF1 /* HomeVC.swift */,
				08414C0D257A13AA004EE5AA /* ProfileVC.swift */,
				088A2C4F257E299300FB3EE3 /* ChangPassVC.swift */,
			);
			path = Controll;
			sourceTree = "<group>";
		};
		085423F92578A10700B45DF1 /* Extension */ = {
			isa = PBXGroup;
			children = (
				085423FB2578A15600B45DF1 /* Extension + UIImage.swift */,
				085424082578BFCE00B45DF1 /* UIAlert.swift */,
				088A2C45257DD5CC00FB3EE3 /* UIBarImageView.swift */,
			);
			path = Extension;
			sourceTree = "<group>";
		};
		085424182578C43B00B45DF1 /* API */ = {
			isa = PBXGroup;
			children = (
				085424192578C45200B45DF1 /* API Manager.swift */,
			);
			path = API;
			sourceTree = "<group>";
		};
		448ECBEA7692D735045E579D /* Frameworks */ = {
			isa = PBXGroup;
			children = (
				F1B8A9DF71CB4B249EC2D7BD /* Pods_AppNotification.framework */,
			);
			name = Frameworks;
			sourceTree = "<group>";
		};
		E142D4CBB23360FDE7D22FB4 /* Pods */ = {
			isa = PBXGroup;
			children = (
				2E944568B727FE57801F9FF9 /* Pods-AppNotification.debug.xcconfig */,
				132E53CFF298E8A3B041C2CD /* Pods-AppNotification.release.xcconfig */,
			);
			path = Pods;
			sourceTree = "<group>";
		};
/* End PBXGroup section */

/* Begin PBXNativeTarget section */
		085423D125789F3B00B45DF1 /* AppNotification */ = {
			isa = PBXNativeTarget;
			buildConfigurationList = 085423E625789F3C00B45DF1 /* Build configuration list for PBXNativeTarget "AppNotification" */;
			buildPhases = (
				297EDD18E5147487CC88B089 /* [CP] Check Pods Manifest.lock */,
				085423CE25789F3B00B45DF1 /* Sources */,
				085423CF25789F3B00B45DF1 /* Frameworks */,
				085423D025789F3B00B45DF1 /* Resources */,
				296CFBFF05E2D89DBD4B4E86 /* [CP] Embed Pods Frameworks */,
			);
			buildRules = (
			);
			dependencies = (
			);
			name = AppNotification;
			productName = AppNotification;
			productReference = 085423D225789F3B00B45DF1 /* AppNotification.app */;
			productType = "com.apple.product-type.application";
		};
/* End PBXNativeTarget section */

/* Begin PBXProject section */
		085423CA25789F3B00B45DF1 /* Project object */ = {
			isa = PBXProject;
			attributes = {
				LastSwiftUpdateCheck = 1220;
				LastUpgradeCheck = 1220;
				TargetAttributes = {
					085423D125789F3B00B45DF1 = {
						CreatedOnToolsVersion = 12.2;
					};
				};
			};
			buildConfigurationList = 085423CD25789F3B00B45DF1 /* Build configuration list for PBXProject "AppNotification" */;
			compatibilityVersion = "Xcode 9.3";
			developmentRegion = en;
			hasScannedForEncodings = 0;
			knownRegions = (
				en,
				Base,
			);
			mainGroup = 085423C925789F3B00B45DF1;
			productRefGroup = 085423D325789F3B00B45DF1 /* Products */;
			projectDirPath = "";
			projectRoot = "";
			targets = (
				085423D125789F3B00B45DF1 /* AppNotification */,
			);
		};
/* End PBXProject section */

/* Begin PBXResourcesBuildPhase section */
		085423D025789F3B00B45DF1 /* Resources */ = {
			isa = PBXResourcesBuildPhase;
			buildActionMask = 2147483647;
			files = (
				085423E225789F3C00B45DF1 /* LaunchScreen.storyboard in Resources */,
				085423DF25789F3C00B45DF1 /* Assets.xcassets in Resources */,
			);
			runOnlyForDeploymentPostprocessing = 0;
		};
/* End PBXResourcesBuildPhase section */

/* Begin PBXShellScriptBuildPhase section */
		296CFBFF05E2D89DBD4B4E86 /* [CP] Embed Pods Frameworks */ = {
			isa = PBXShellScriptBuildPhase;
			buildActionMask = 2147483647;
			files = (
			);
			inputFileListPaths = (
				"${PODS_ROOT}/Target Support Files/Pods-AppNotification/Pods-AppNotification-frameworks-${CONFIGURATION}-input-files.xcfilelist",
			);
			name = "[CP] Embed Pods Frameworks";
			outputFileListPaths = (
				"${PODS_ROOT}/Target Support Files/Pods-AppNotification/Pods-AppNotification-frameworks-${CONFIGURATION}-output-files.xcfilelist",
			);
			runOnlyForDeploymentPostprocessing = 0;
			shellPath = /bin/sh;
			shellScript = "\"${PODS_ROOT}/Target Support Files/Pods-AppNotification/Pods-AppNotification-frameworks.sh\"\n";
			showEnvVarsInLog = 0;
		};
		297EDD18E5147487CC88B089 /* [CP] Check Pods Manifest.lock */ = {
			isa = PBXShellScriptBuildPhase;
			buildActionMask = 2147483647;
			files = (
			);
			inputFileListPaths = (
			);
			inputPaths = (
				"${PODS_PODFILE_DIR_PATH}/Podfile.lock",
				"${PODS_ROOT}/Manifest.lock",
			);
			name = "[CP] Check Pods Manifest.lock";
			outputFileListPaths = (
			);
			outputPaths = (
				"$(DERIVED_FILE_DIR)/Pods-AppNotification-checkManifestLockResult.txt",
			);
			runOnlyForDeploymentPostprocessing = 0;
			shellPath = /bin/sh;
			shellScript = "diff \"${PODS_PODFILE_DIR_PATH}/Podfile.lock\" \"${PODS_ROOT}/Manifest.lock\" > /dev/null\nif [ $? != 0 ] ; then\n    # print error to STDERR\n    echo \"error: The sandbox is not in sync with the Podfile.lock. Run 'pod install' or update your CocoaPods installation.\" >&2\n    exit 1\nfi\n# This output is used by Xcode 'outputs' to avoid re-running this script phase.\necho \"SUCCESS\" > \"${SCRIPT_OUTPUT_FILE_0}\"\n";
			showEnvVarsInLog = 0;
		};
/* End PBXShellScriptBuildPhase section */

/* Begin PBXSourcesBuildPhase section */
		085423CE25789F3B00B45DF1 /* Sources */ = {
			isa = PBXSourcesBuildPhase;
			buildActionMask = 2147483647;
			files = (
				085424202578C73400B45DF1 /* HomeVC.swift in Sources */,
				08476890257BA957004D5680 /* AvatarVC.swift in Sources */,
				089751D72579258D00F5CD4D /* checkSession.swift in Sources */,
				088A2C3D257DBA3900FB3EE3 /* MenuVC.swift in Sources */,
				0854241A2578C45200B45DF1 /* API Manager.swift in Sources */,
				08414C0E257A13AA004EE5AA /* ProfileVC.swift in Sources */,
				085424062578B5E200B45DF1 /* Colors.swift in Sources */,
				0854241D2578C5BF00B45DF1 /* UserData.swift in Sources */,
				088A2C46257DD5CC00FB3EE3 /* UIBarImageView.swift in Sources */,
				085423D625789F3B00B45DF1 /* AppDelegate.swift in Sources */,
				085423FC2578A15600B45DF1 /* Extension + UIImage.swift in Sources */,
				085423EE2578A02500B45DF1 /* LoginVC.swift in Sources */,
				085424092578BFCE00B45DF1 /* UIAlert.swift in Sources */,
				088A2C50257E299300FB3EE3 /* ChangPassVC.swift in Sources */,
				0847688D257BA855004D5680 /* SlideMenuController.swift in Sources */,
				085423D825789F3B00B45DF1 /* SceneDelegate.swift in Sources */,
			);
			runOnlyForDeploymentPostprocessing = 0;
		};
/* End PBXSourcesBuildPhase section */

/* Begin PBXVariantGroup section */
		085423E025789F3C00B45DF1 /* LaunchScreen.storyboard */ = {
			isa = PBXVariantGroup;
			children = (
				085423E125789F3C00B45DF1 /* Base */,
			);
			name = LaunchScreen.storyboard;
			sourceTree = "<group>";
		};
/* End PBXVariantGroup section */

/* Begin XCBuildConfiguration section */
		085423E425789F3C00B45DF1 /* Debug */ = {
			isa = XCBuildConfiguration;
			buildSettings = {
				ALWAYS_SEARCH_USER_PATHS = NO;
				CLANG_ANALYZER_NONNULL = YES;
				CLANG_ANALYZER_NUMBER_OBJECT_CONVERSION = YES_AGGRESSIVE;
				CLANG_CXX_LANGUAGE_STANDARD = "gnu++14";
				CLANG_CXX_LIBRARY = "libc++";
				CLANG_ENABLE_MODULES = YES;
				CLANG_ENABLE_OBJC_ARC = YES;
				CLANG_ENABLE_OBJC_WEAK = YES;
				CLANG_WARN_BLOCK_CAPTURE_AUTORELEASING = YES;
				CLANG_WARN_BOOL_CONVERSION = YES;
				CLANG_WARN_COMMA = YES;
				CLANG_WARN_CONSTANT_CONVERSION = YES;
				CLANG_WARN_DEPRECATED_OBJC_IMPLEMENTATIONS = YES;
				CLANG_WARN_DIRECT_OBJC_ISA_USAGE = YES_ERROR;
				CLANG_WARN_DOCUMENTATION_COMMENTS = YES;
				CLANG_WARN_EMPTY_BODY = YES;
				CLANG_WARN_ENUM_CONVERSION = YES;
				CLANG_WARN_INFINITE_RECURSION = YES;
				CLANG_WARN_INT_CONVERSION = YES;
				CLANG_WARN_NON_LITERAL_NULL_CONVERSION = YES;
				CLANG_WARN_OBJC_IMPLICIT_RETAIN_SELF = YES;
				CLANG_WARN_OBJC_LITERAL_CONVERSION = YES;
				CLANG_WARN_OBJC_ROOT_CLASS = YES_ERROR;
				CLANG_WARN_QUOTED_INCLUDE_IN_FRAMEWORK_HEADER = YES;
				CLANG_WARN_RANGE_LOOP_ANALYSIS = YES;
				CLANG_WARN_STRICT_PROTOTYPES = YES;
				CLANG_WARN_SUSPICIOUS_MOVE = YES;
				CLANG_WARN_UNGUARDED_AVAILABILITY = YES_AGGRESSIVE;
				CLANG_WARN_UNREACHABLE_CODE = YES;
				CLANG_WARN__DUPLICATE_METHOD_MATCH = YES;
				COPY_PHASE_STRIP = NO;
				DEBUG_INFORMATION_FORMAT = dwarf;
				ENABLE_STRICT_OBJC_MSGSEND = YES;
				ENABLE_TESTABILITY = YES;
				GCC_C_LANGUAGE_STANDARD = gnu11;
				GCC_DYNAMIC_NO_PIC = NO;
				GCC_NO_COMMON_BLOCKS = YES;
				GCC_OPTIMIZATION_LEVEL = 0;
				GCC_PREPROCESSOR_DEFINITIONS = (
					"DEBUG=1",
					"$(inherited)",
				);
				GCC_WARN_64_TO_32_BIT_CONVERSION = YES;
				GCC_WARN_ABOUT_RETURN_TYPE = YES_ERROR;
				GCC_WARN_UNDECLARED_SELECTOR = YES;
				GCC_WARN_UNINITIALIZED_AUTOS = YES_AGGRESSIVE;
				GCC_WARN_UNUSED_FUNCTION = YES;
				GCC_WARN_UNUSED_VARIABLE = YES;
				IPHONEOS_DEPLOYMENT_TARGET = 14.2;
				MTL_ENABLE_DEBUG_INFO = INCLUDE_SOURCE;
				MTL_FAST_MATH = YES;
				ONLY_ACTIVE_ARCH = YES;
				SDKROOT = iphoneos;
				SWIFT_ACTIVE_COMPILATION_CONDITIONS = DEBUG;
				SWIFT_OPTIMIZATION_LEVEL = "-Onone";
			};
			name = Debug;
		};
		085423E525789F3C00B45DF1 /* Release */ = {
			isa = XCBuildConfiguration;
			buildSettings = {
				ALWAYS_SEARCH_USER_PATHS = NO;
				CLANG_ANALYZER_NONNULL = YES;
				CLANG_ANALYZER_NUMBER_OBJECT_CONVERSION = YES_AGGRESSIVE;
				CLANG_CXX_LANGUAGE_STANDARD = "gnu++14";
				CLANG_CXX_LIBRARY = "libc++";
				CLANG_ENABLE_MODULES = YES;
				CLANG_ENABLE_OBJC_ARC = YES;
				CLANG_ENABLE_OBJC_WEAK = YES;
				CLANG_WARN_BLOCK_CAPTURE_AUTORELEASING = YES;
				CLANG_WARN_BOOL_CONVERSION = YES;
				CLANG_WARN_COMMA = YES;
				CLANG_WARN_CONSTANT_CONVERSION = YES;
				CLANG_WARN_DEPRECATED_OBJC_IMPLEMENTATIONS = YES;
				CLANG_WARN_DIRECT_OBJC_ISA_USAGE = YES_ERROR;
				CLANG_WARN_DOCUMENTATION_COMMENTS = YES;
				CLANG_WARN_EMPTY_BODY = YES;
				CLANG_WARN_ENUM_CONVERSION = YES;
				CLANG_WARN_INFINITE_RECURSION = YES;
				CLANG_WARN_INT_CONVERSION = YES;
				CLANG_WARN_NON_LITERAL_NULL_CONVERSION = YES;
				CLANG_WARN_OBJC_IMPLICIT_RETAIN_SELF = YES;
				CLANG_WARN_OBJC_LITERAL_CONVERSION = YES;
				CLANG_WARN_OBJC_ROOT_CLASS = YES_ERROR;
				CLANG_WARN_QUOTED_INCLUDE_IN_FRAMEWORK_HEADER = YES;
				CLANG_WARN_RANGE_LOOP_ANALYSIS = YES;
				CLANG_WARN_STRICT_PROTOTYPES = YES;
				CLANG_WARN_SUSPICIOUS_MOVE = YES;
				CLANG_WARN_UNGUARDED_AVAILABILITY = YES_AGGRESSIVE;
				CLANG_WARN_UNREACHABLE_CODE = YES;
				CLANG_WARN__DUPLICATE_METHOD_MATCH = YES;
				COPY_PHASE_STRIP = NO;
				DEBUG_INFORMATION_FORMAT = "dwarf-with-dsym";
				ENABLE_NS_ASSERTIONS = NO;
				ENABLE_STRICT_OBJC_MSGSEND = YES;
				GCC_C_LANGUAGE_STANDARD = gnu11;
				GCC_NO_COMMON_BLOCKS = YES;
				GCC_WARN_64_TO_32_BIT_CONVERSION = YES;
				GCC_WARN_ABOUT_RETURN_TYPE = YES_ERROR;
				GCC_WARN_UNDECLARED_SELECTOR = YES;
				GCC_WARN_UNINITIALIZED_AUTOS = YES_AGGRESSIVE;
				GCC_WARN_UNUSED_FUNCTION = YES;
				GCC_WARN_UNUSED_VARIABLE = YES;
				IPHONEOS_DEPLOYMENT_TARGET = 14.2;
				MTL_ENABLE_DEBUG_INFO = NO;
				MTL_FAST_MATH = YES;
				SDKROOT = iphoneos;
				SWIFT_COMPILATION_MODE = wholemodule;
				SWIFT_OPTIMIZATION_LEVEL = "-O";
				VALIDATE_PRODUCT = YES;
			};
			name = Release;
		};
		085423E725789F3C00B45DF1 /* Debug */ = {
			isa = XCBuildConfiguration;
			baseConfigurationReference = 2E944568B727FE57801F9FF9 /* Pods-AppNotification.debug.xcconfig */;
			buildSettings = {
				ASSETCATALOG_COMPILER_APPICON_NAME = AppIcon;
				ASSETCATALOG_COMPILER_GLOBAL_ACCENT_COLOR_NAME = AccentColor;
				CODE_SIGN_STYLE = Automatic;
				INFOPLIST_FILE = AppNotification/Info.plist;
				LD_RUNPATH_SEARCH_PATHS = (
					"$(inherited)",
					"@executable_path/Frameworks",
				);
				PRODUCT_BUNDLE_IDENTIFIER = com.marueivn.AppNotification;
				PRODUCT_NAME = "$(TARGET_NAME)";
				SWIFT_VERSION = 5.0;
				TARGETED_DEVICE_FAMILY = "1,2";
			};
			name = Debug;
		};
		085423E825789F3C00B45DF1 /* Release */ = {
			isa = XCBuildConfiguration;
			baseConfigurationReference = 132E53CFF298E8A3B041C2CD /* Pods-AppNotification.release.xcconfig */;
			buildSettings = {
				ASSETCATALOG_COMPILER_APPICON_NAME = AppIcon;
				ASSETCATALOG_COMPILER_GLOBAL_ACCENT_COLOR_NAME = AccentColor;
				CODE_SIGN_STYLE = Automatic;
				INFOPLIST_FILE = AppNotification/Info.plist;
				LD_RUNPATH_SEARCH_PATHS = (
					"$(inherited)",
					"@executable_path/Frameworks",
				);
				PRODUCT_BUNDLE_IDENTIFIER = com.marueivn.AppNotification;
				PRODUCT_NAME = "$(TARGET_NAME)";
				SWIFT_VERSION = 5.0;
				TARGETED_DEVICE_FAMILY = "1,2";
			};
			name = Release;
		};
/* End XCBuildConfiguration section */

/* Begin XCConfigurationList section */
		085423CD25789F3B00B45DF1 /* Build configuration list for PBXProject "AppNotification" */ = {
			isa = XCConfigurationList;
			buildConfigurations = (
				085423E425789F3C00B45DF1 /* Debug */,
				085423E525789F3C00B45DF1 /* Release */,
			);
			defaultConfigurationIsVisible = 0;
			defaultConfigurationName = Release;
		};
		085423E625789F3C00B45DF1 /* Build configuration list for PBXNativeTarget "AppNotification" */ = {
			isa = XCConfigurationList;
			buildConfigurations = (
				085423E725789F3C00B45DF1 /* Debug */,
				085423E825789F3C00B45DF1 /* Release */,
			);
			defaultConfigurationIsVisible = 0;
			defaultConfigurationName = Release;
		};
/* End XCConfigurationList section */
	};
	rootObject = 085423CA25789F3B00B45DF1 /* Project object */;
}
